Microsoft Visual Studio Solution File, Format Version 12.00
# Visual Studio Version 17
VisualStudioVersion = 17.5.2.0
MinimumVisualStudioVersion = 10.0.40219.1
Project("{FAE04EC0-301F-11D3-BF4B-00C04F79EFBC}") = "HIVSystem.Infrastructure", "HIVSystem.Infrastructure.csproj", "{DBAFD281-A474-6127-7B65-4CA03413CDDD}"
EndProject
Global
	GlobalSection(SolutionConfigurationPlatforms) = preSolution
		Debug|Any CPU = Debug|Any CPU
		Release|Any CPU = Release|Any CPU
	EndGlobalSection
	GlobalSection(ProjectConfigurationPlatforms) = postSolution
		{DBAFD281-A474-6127-7B65-4CA03413CDDD}.Debug|Any CPU.ActiveCfg = Debug|Any CPU
		{DBAFD281-A474-6127-7B65-4CA03413CDDD}.Debug|Any CPU.Build.0 = Debug|Any CPU
		{DBAFD281-A474-6127-7B65-4CA03413CDDD}.Release|Any CPU.ActiveCfg = Release|Any CPU
		{DBAFD281-A474-6127-7B65-4CA03413CDDD}.Release|Any CPU.Build.0 = Release|Any CPU
	EndGlobalSection
	GlobalSection(SolutionProperties) = preSolution
		HideSolutionNode = FALSE
	EndGlobalSection
	GlobalSection(ExtensibilityGlobals) = postSolution
		SolutionGuid = {321581A0-98FF-4648-A75C-81AC8DFBFE96}
	EndGlobalSection
EndGlobal
